
Microsoft Visual Studio Solution File, Format Version 12.00
# Visual Studio 15
VisualStudioVersion = 15.0.28307.1705
MinimumVisualStudioVersion = 10.0.40219.1
Project("{FAE04EC0-301F-11D3-BF4B-00C04F79EFBC}") = "PropertyGrid_INI_Test", "PropertyGrid_INI_Test\PropertyGrid_INI_Test.csproj", "{2BAF90D0-6FD0-426B-AD7C-1A0FC067ACAD}"
EndProject
Global
	GlobalSection(SolutionConfigurationPlatforms) = preSolution
		Debug|Any CPU = Debug|Any CPU
		Release|Any CPU = Release|Any CPU
	EndGlobalSection
	GlobalSection(ProjectConfigurationPlatforms) = postSolution
		{2BAF90D0-6FD0-426B-AD7C-1A0FC067ACAD}.Debug|Any CPU.ActiveCfg = Debug|Any CPU
		{2BAF90D0-6FD0-426B-AD7C-1A0FC067ACAD}.Debug|Any CPU.Build.0 = Debug|Any CPU
		{2BAF90D0-6FD0-426B-AD7C-1A0FC067ACAD}.Release|Any CPU.ActiveCfg = Release|Any CPU
		{2BAF90D0-6FD0-426B-AD7C-1A0FC067ACAD}.Release|Any CPU.Build.0 = Release|Any CPU
	EndGlobalSection
	GlobalSection(SolutionProperties) = preSolution
		HideSolutionNode = FALSE
	EndGlobalSection
	GlobalSection(ExtensibilityGlobals) = postSolution
		SolutionGuid = {28486A15-814D-4D1E-A5E9-1745A8A7C6EF}
	EndGlobalSection
EndGlobal
